PODS:
  - Alamofire (5.4.3)
  - SnapKit (5.0.1)
  - ZKProgressHUD (5.1.2)

DEPENDENCIES:
  - Alamofire
  - SnapKit
  - ZKProgressHUD

SPEC REPOS:
  trunk:
    - Alamofire
    - SnapKit
    - ZKProgressHUD

SPEC CHECKSUMS:
  Alamofire: e447a2774a40c996748296fa2c55112fdbbc42f9
  SnapKit: 97b92857e3df3a0c71833cce143274bf6ef8e5eb
  ZKProgressHUD: af9e9929c6935587da382bf23d31b4e995b8c229

PODFILE CHECKSUM: 5ec0877a1a095e1bec341735f37476e4bb4913c7

COCOAPODS: 1.10.1
